<Solution>
  <Project Path="CleanArchitectureDemo.Domain/CleanArchitectureDemo.Domain.csproj" />
  <Project Path="CleanArchitectureDemo.Application/CleanArchitectureDemo.Application.csproj" />
  <Project Path="CleanArchitectureDemo.Infrastructure/CleanArchitectureDemo.Infrastructure.csproj" />
  <Project Path="CleanArchitectureDemo.UserInterface/CleanArchitectureDemo.UserInterface.csproj" />
</Solution>
